
Microsoft Visual Studio Solution File, Format Version 12.00
# Visual Studio Version 17
VisualStudioVersion = 17.1.32228.430
MinimumVisualStudioVersion = 10.0.40219.1
Project("{FAE04EC0-301F-11D3-BF4B-00C04F79EFBC}") = "ngocledevops_assigments", "ngocledevops_assigments\ngocledevops_assigments.csproj", "{522E37D9-D85C-4CC5-BEBB-485483952721}"
EndProject
Global
	GlobalSection(SolutionConfigurationPlatforms) = preSolution
		Debug|Any CPU = Debug|Any CPU
		Release|Any CPU = Release|Any CPU
	EndGlobalSection
	GlobalSection(ProjectConfigurationPlatforms) = postSolution
		{522E37D9-D85C-4CC5-BEBB-485483952721}.Debug|Any CPU.ActiveCfg = Debug|Any CPU
		{522E37D9-D85C-4CC5-BEBB-485483952721}.Debug|Any CPU.Build.0 = Debug|Any CPU
		{522E37D9-D85C-4CC5-BEBB-485483952721}.Release|Any CPU.ActiveCfg = Release|Any CPU
		{522E37D9-D85C-4CC5-BEBB-485483952721}.Release|Any CPU.Build.0 = Release|Any CPU
	EndGlobalSection
	GlobalSection(SolutionProperties) = preSolution
		HideSolutionNode = FALSE
	EndGlobalSection
	GlobalSection(ExtensibilityGlobals) = postSolution
		SolutionGuid = {EE29ADED-F627-418E-812F-6DD381AB164B}
	EndGlobalSection
EndGlobal
